{
  "name": "indexer-opreturn",
  "version": "0.0.1",
  "lockfileVersion": 1,
  "requires": true,
  "dependencies": {
    "bdb": {
      "version": "1.1.7",
      "resolved": "https://registry.npmjs.org/bdb/-/bdb-1.1.7.tgz",
      "integrity": "sha512-jtBnWEyDDK08dBbKL9LJeO2huZyBmbjBQMMVjU9RI1liJo6YDbv86uDHoaD4gniefd9pfxqOM1w6rYuwLVCXlQ==",
      "requires": {
        "bsert": "~0.0.10",
        "loady": "~0.0.1"
      }
    },
    "bmocha": {
      "version": "2.1.2",
      "resolved": "https://registry.npmjs.org/bmocha/-/bmocha-2.1.2.tgz",
      "integrity": "sha512-EvcGGQCbRnF3/Uq+gNIrWdNY65eDok17i7AKEY/xTLGFk812GdqEQ/FW8X1X1lyH5IlLshjubDjyC4HRWeCt7g==",
      "dev": true
    },
    "bsert": {
      "version": "0.0.10",
      "resolved": "https://registry.npmjs.org/bsert/-/bsert-0.0.10.tgz",
      "integrity": "sha512-NHNwlac+WPy4t2LoNh8pXk8uaIGH3NSaIUbTTRXGpE2WEbq0te/tDykYHkFK57YKLPjv/aGHmbqvnGeVWDz57Q=="
    },
    "bsock": {
      "version": "0.1.9",
      "resolved": "https://registry.npmjs.org/bsock/-/bsock-0.1.9.tgz",
      "integrity": "sha512-/l9Kg/c5o+n/0AqreMxh2jpzDMl1ikl4gUxT7RFNe3A3YRIyZkiREhwcjmqxiymJSRI/Qhew357xGn1SLw/xEw==",
      "requires": {
        "bsert": "~0.0.10"
      }
    },
    "bufio": {
      "version": "1.0.6",
      "resolved": "https://registry.npmjs.org/bufio/-/bufio-1.0.6.tgz",
      "integrity": "sha512-mjYZFRHmI9bk3Oeexu0rWjHFY+w6hGLabdmwSFzq+EFr4MHHsNOYduDVdYl71NG5pTPL7GGzUCMk9cYuV34/Qw=="
    },
    "bval": {
      "version": "0.1.6",
      "resolved": "https://registry.npmjs.org/bval/-/bval-0.1.6.tgz",
      "integrity": "sha512-jxNH9gSx7g749hQtS+nTxXYz/bLxwr4We1RHFkCYalNYcj12RfbW6qYWsKu0RYiKAdFcbNoZRHmWrIuXIyhiQQ==",
      "requires": {
        "bsert": "~0.0.10"
      }
    },
    "bweb": {
      "version": "0.1.9",
      "resolved": "https://registry.npmjs.org/bweb/-/bweb-0.1.9.tgz",
      "integrity": "sha512-Ozz6Vq7mC0ydHxnykvkUIiwduKAW4Qewj+au0osTCSssfXfRYrO7O2UluLgZQL0sSrXiifqEdJaGtOQ+GAeC8A==",
      "requires": {
        "bsert": "~0.0.10",
        "bsock": "~0.1.8"
      }
    },
    "loady": {
      "version": "0.0.1",
      "resolved": "https://registry.npmjs.org/loady/-/loady-0.0.1.tgz",
      "integrity": "sha512-PW5Z13Jd0v6ZcA1P6ZVUc3EV8BJwQuAiwUvvT6VQGHoaZ1d/tu7r1QZctuKfQqwy9SFBWeAGfcIdLxhp7ZW3Rw=="
    }
  }
}
